// !$*UTF8*$!
{
	archiveVersion = 1;
	classes = {
	};
	objectVersion = 56;
	objects = {

/* Begin PBXBuildFile section */
		E81DD9582A8CFB26003C768B /* DetailView.swift in Sources */ = {isa = PBXBuildFile; fileRef = E81DD9572A8CFB26003C768B /* DetailView.swift */; };
		E81DD95A2A8CFB33003C768B /* DetailInteractor.swift in Sources */ = {isa = PBXBuildFile; fileRef = E81DD9592A8CFB33003C768B /* DetailInteractor.swift */; };
		E81DD95C2A8CFB3B003C768B /* DetailPresenter.swift in Sources */ = {isa = PBXBuildFile; fileRef = E81DD95B2A8CFB3B003C768B /* DetailPresenter.swift */; };
		E81DD95E2A8CFB48003C768B /* DetailRouter.swift in Sources */ = {isa = PBXBuildFile; fileRef = E81DD95D2A8CFB48003C768B /* DetailRouter.swift */; };
		E828F314298EAF990063EC58 /* AppDelegate.swift in Sources */ = {isa = PBXBuildFile; fileRef = E828F313298EAF990063EC58 /* AppDelegate.swift */; };
		E828F316298EAF990063EC58 /* SceneDelegate.swift in Sources */ = {isa = PBXBuildFile; fileRef = E828F315298EAF990063EC58 /* SceneDelegate.swift */; };
		E828F31D298EAF9A0063EC58 /* Assets.xcassets in Resources */ = {isa = PBXBuildFile; fileRef = E828F31C298EAF9A0063EC58 /* Assets.xcassets */; };
		E828F320298EAF9A0063EC58 /* LaunchScreen.storyboard in Resources */ = {isa = PBXBuildFile; fileRef = E828F31E298EAF9A0063EC58 /* LaunchScreen.storyboard */; };
		E828F32A298EB1E00063EC58 /* HomeView.swift in Sources */ = {isa = PBXBuildFile; fileRef = E828F329298EB1E00063EC58 /* HomeView.swift */; };
		E828F32C298EB1F00063EC58 /* HomeInteractor.swift in Sources */ = {isa = PBXBuildFile; fileRef = E828F32B298EB1F00063EC58 /* HomeInteractor.swift */; };
		E828F32E298EB2050063EC58 /* HomePresenter.swift in Sources */ = {isa = PBXBuildFile; fileRef = E828F32D298EB2050063EC58 /* HomePresenter.swift */; };
		E828F330298EB2150063EC58 /* HomeEntity.swift in Sources */ = {isa = PBXBuildFile; fileRef = E828F32F298EB2150063EC58 /* HomeEntity.swift */; };
		E828F332298EB2210063EC58 /* HomeRouter.swift in Sources */ = {isa = PBXBuildFile; fileRef = E828F331298EB2210063EC58 /* HomeRouter.swift */; };
/* End PBXBuildFile section */

/* Begin PBXFileReference section */
		E81DD9572A8CFB26003C768B /* DetailView.swift */ = {isa = PBXFileReference; lastKnownFileType = sourcecode.swift; path = DetailView.swift; sourceTree = "<group>"; };
		E81DD9592A8CFB33003C768B /* DetailInteractor.swift */ = {isa = PBXFileReference; lastKnownFileType = sourcecode.swift; path = DetailInteractor.swift; sourceTree = "<group>"; };
		E81DD95B2A8CFB3B003C768B /* DetailPresenter.swift */ = {isa = PBXFileReference; lastKnownFileType = sourcecode.swift; path = DetailPresenter.swift; sourceTree = "<group>"; };
		E81DD95D2A8CFB48003C768B /* DetailRouter.swift */ = {isa = PBXFileReference; lastKnownFileType = sourcecode.swift; path = DetailRouter.swift; sourceTree = "<group>"; };
		E828F310298EAF990063EC58 /* CryptoVIPER.app */ = {isa = PBXFileReference; explicitFileType = wrapper.application; includeInIndex = 0; path = CryptoVIPER.app; sourceTree = BUILT_PRODUCTS_DIR; };
		E828F313298EAF990063EC58 /* AppDelegate.swift */ = {isa = PBXFileReference; lastKnownFileType = sourcecode.swift; path = AppDelegate.swift; sourceTree = "<group>"; };
		E828F315298EAF990063EC58 /* SceneDelegate.swift */ = {isa = PBXFileReference; lastKnownFileType = sourcecode.swift; path = SceneDelegate.swift; sourceTree = "<group>"; };
		E828F31C298EAF9A0063EC58 /* Assets.xcassets */ = {isa = PBXFileReference; lastKnownFileType = folder.assetcatalog; path = Assets.xcassets; sourceTree = "<group>"; };
		E828F31F298EAF9A0063EC58 /* Base */ = {isa = PBXFileReference; lastKnownFileType = file.storyboard; name = Base; path = Base.lproj/LaunchScreen.storyboard; sourceTree = "<group>"; };
		E828F321298EAF9A0063EC58 /* Info.plist */ = {isa = PBXFileReference; lastKnownFileType = text.plist.xml; path = Info.plist; sourceTree = "<group>"; };
		E828F329298EB1E00063EC58 /* HomeView.swift */ = {isa = PBXFileReference; lastKnownFileType = sourcecode.swift; path = HomeView.swift; sourceTree = "<group>"; };
		E828F32B298EB1F00063EC58 /* HomeInteractor.swift */ = {isa = PBXFileReference; lastKnownFileType = sourcecode.swift; path = HomeInteractor.swift; sourceTree = "<group>"; };
		E828F32D298EB2050063EC58 /* HomePresenter.swift */ = {isa = PBXFileReference; lastKnownFileType = sourcecode.swift; path = HomePresenter.swift; sourceTree = "<group>"; };
		E828F32F298EB2150063EC58 /* HomeEntity.swift */ = {isa = PBXFileReference; lastKnownFileType = sourcecode.swift; path = HomeEntity.swift; sourceTree = "<group>"; };
		E828F331298EB2210063EC58 /* HomeRouter.swift */ = {isa = PBXFileReference; lastKnownFileType = sourcecode.swift; path = HomeRouter.swift; sourceTree = "<group>"; };
/* End PBXFileReference section */

/* Begin PBXFrameworksBuildPhase section */
		E828F30D298EAF990063EC58 /* Frameworks */ = {
			isa = PBXFrameworksBuildPhase;
			buildActionMask = 2147483647;
			files = (
			);
			runOnlyForDeploymentPostprocessing = 0;
		};
/* End PBXFrameworksBuildPhase section */

/* Begin PBXGroup section */
		E81DD9562A8CFB1E003C768B /* Detail */ = {
			isa = PBXGroup;
			children = (
				E81DD9572A8CFB26003C768B /* DetailView.swift */,
				E81DD9592A8CFB33003C768B /* DetailInteractor.swift */,
				E81DD95B2A8CFB3B003C768B /* DetailPresenter.swift */,
				E81DD95D2A8CFB48003C768B /* DetailRouter.swift */,
			);
			path = Detail;
			sourceTree = "<group>";
		};
		E828F307298EAF990063EC58 = {
			isa = PBXGroup;
			children = (
				E828F312298EAF990063EC58 /* CryptoVIPER */,
				E828F311298EAF990063EC58 /* Products */,
			);
			sourceTree = "<group>";
		};
		E828F311298EAF990063EC58 /* Products */ = {
			isa = PBXGroup;
			children = (
				E828F310298EAF990063EC58 /* CryptoVIPER.app */,
			);
			name = Products;
			sourceTree = "<group>";
		};
		E828F312298EAF990063EC58 /* CryptoVIPER */ = {
			isa = PBXGroup;
			children = (
				E828F333298EB2A30063EC58 /* Base */,
				E828F327298EB1BA0063EC58 /* Module */,
			);
			path = CryptoVIPER;
			sourceTree = "<group>";
		};
		E828F327298EB1BA0063EC58 /* Module */ = {
			isa = PBXGroup;
			children = (
				E81DD9562A8CFB1E003C768B /* Detail */,
				E828F328298EB1CF0063EC58 /* Home */,
			);
			path = Module;
			sourceTree = "<group>";
		};
		E828F328298EB1CF0063EC58 /* Home */ = {
			isa = PBXGroup;
			children = (
				E828F329298EB1E00063EC58 /* HomeView.swift */,
				E828F32B298EB1F00063EC58 /* HomeInteractor.swift */,
				E828F32D298EB2050063EC58 /* HomePresenter.swift */,
				E828F32F298EB2150063EC58 /* HomeEntity.swift */,
				E828F331298EB2210063EC58 /* HomeRouter.swift */,
			);
			path = Home;
			sourceTree = "<group>";
		};
		E828F333298EB2A30063EC58 /* Base */ = {
			isa = PBXGroup;
			children = (
				E828F313298EAF990063EC58 /* AppDelegate.swift */,
				E828F315298EAF990063EC58 /* SceneDelegate.swift */,
				E828F31E298EAF9A0063EC58 /* LaunchScreen.storyboard */,
				E828F31C298EAF9A0063EC58 /* Assets.xcassets */,
				E828F321298EAF9A0063EC58 /* Info.plist */,
			);
			path = Base;
			sourceTree = "<group>";
		};
/* End PBXGroup section */

/* Begin PBXNativeTarget section */
		E828F30F298EAF990063EC58 /* CryptoVIPER */ = {
			isa = PBXNativeTarget;
			buildConfigurationList = E828F324298EAF9A0063EC58 /* Build configuration list for PBXNativeTarget "CryptoVIPER" */;
			buildPhases = (
				E828F30C298EAF990063EC58 /* Sources */,
				E828F30D298EAF990063EC58 /* Frameworks */,
				E828F30E298EAF990063EC58 /* Resources */,
			);
			buildRules = (
			);
			dependencies = (
			);
			name = CryptoVIPER;
			productName = CryptoVIPER;
			productReference = E828F310298EAF990063EC58 /* CryptoVIPER.app */;
			productType = "com.apple.product-type.application";
		};
/* End PBXNativeTarget section */

/* Begin PBXProject section */
		E828F308298EAF990063EC58 /* Project object */ = {
			isa = PBXProject;
			attributes = {
				BuildIndependentTargetsInParallel = 1;
				LastSwiftUpdateCheck = 1410;
				LastUpgradeCheck = 1410;
				TargetAttributes = {
					E828F30F298EAF990063EC58 = {
						CreatedOnToolsVersion = 14.1;
					};
				};
			};
			buildConfigurationList = E828F30B298EAF990063EC58 /* Build configuration list for PBXProject "CryptoVIPER" */;
			compatibilityVersion = "Xcode 14.0";
			developmentRegion = en;
			hasScannedForEncodings = 0;
			knownRegions = (
				en,
				Base,
			);
			mainGroup = E828F307298EAF990063EC58;
			productRefGroup = E828F311298EAF990063EC58 /* Products */;
			projectDirPath = "";
			projectRoot = "";
			targets = (
				E828F30F298EAF990063EC58 /* CryptoVIPER */,
			);
		};
/* End PBXProject section */

/* Begin PBXResourcesBuildPhase section */
		E828F30E298EAF990063EC58 /* Resources */ = {
			isa = PBXResourcesBuildPhase;
			buildActionMask = 2147483647;
			files = (
				E828F320298EAF9A0063EC58 /* LaunchScreen.storyboard in Resources */,
				E828F31D298EAF9A0063EC58 /* Assets.xcassets in Resources */,
			);
			runOnlyForDeploymentPostprocessing = 0;
		};
/* End PBXResourcesBuildPhase section */

/* Begin PBXSourcesBuildPhase section */
		E828F30C298EAF990063EC58 /* Sources */ = {
			isa = PBXSourcesBuildPhase;
			buildActionMask = 2147483647;
			files = (
				E828F32A298EB1E00063EC58 /* HomeView.swift in Sources */,
				E81DD95E2A8CFB48003C768B /* DetailRouter.swift in Sources */,
				E81DD9582A8CFB26003C768B /* DetailView.swift in Sources */,
				E828F330298EB2150063EC58 /* HomeEntity.swift in Sources */,
				E81DD95C2A8CFB3B003C768B /* DetailPresenter.swift in Sources */,
				E81DD95A2A8CFB33003C768B /* DetailInteractor.swift in Sources */,
				E828F314298EAF990063EC58 /* AppDelegate.swift in Sources */,
				E828F32E298EB2050063EC58 /* HomePresenter.swift in Sources */,
				E828F332298EB2210063EC58 /* HomeRouter.swift in Sources */,
				E828F32C298EB1F00063EC58 /* HomeInteractor.swift in Sources */,
				E828F316298EAF990063EC58 /* SceneDelegate.swift in Sources */,
			);
			runOnlyForDeploymentPostprocessing = 0;
		};
/* End PBXSourcesBuildPhase section */

/* Begin PBXVariantGroup section */
		E828F31E298EAF9A0063EC58 /* LaunchScreen.storyboard */ = {
			isa = PBXVariantGroup;
			children = (
				E828F31F298EAF9A0063EC58 /* Base */,
			);
			name = LaunchScreen.storyboard;
			sourceTree = "<group>";
		};
/* End PBXVariantGroup section */

/* Begin XCBuildConfiguration section */
		E828F322298EAF9A0063EC58 /* Debug */ = {
			isa = XCBuildConfiguration;
			buildSettings = {
				ALWAYS_SEARCH_USER_PATHS = NO;
				CLANG_ANALYZER_NONNULL = YES;
				CLANG_ANALYZER_NUMBER_OBJECT_CONVERSION = YES_AGGRESSIVE;
				CLANG_CXX_LANGUAGE_STANDARD = "gnu++20";
				CLANG_ENABLE_MODULES = YES;
				CLANG_ENABLE_OBJC_ARC = YES;
				CLANG_ENABLE_OBJC_WEAK = YES;
				CLANG_WARN_BLOCK_CAPTURE_AUTORELEASING = YES;
				CLANG_WARN_BOOL_CONVERSION = YES;
				CLANG_WARN_COMMA = YES;
				CLANG_WARN_CONSTANT_CONVERSION = YES;
				CLANG_WARN_DEPRECATED_OBJC_IMPLEMENTATIONS = YES;
				CLANG_WARN_DIRECT_OBJC_ISA_USAGE = YES_ERROR;
				CLANG_WARN_DOCUMENTATION_COMMENTS = YES;
				CLANG_WARN_EMPTY_BODY = YES;
				CLANG_WARN_ENUM_CONVERSION = YES;
				CLANG_WARN_INFINITE_RECURSION = YES;
				CLANG_WARN_INT_CONVERSION = YES;
				CLANG_WARN_NON_LITERAL_NULL_CONVERSION = YES;
				CLANG_WARN_OBJC_IMPLICIT_RETAIN_SELF = YES;
				CLANG_WARN_OBJC_LITERAL_CONVERSION = YES;
				CLANG_WARN_OBJC_ROOT_CLASS = YES_ERROR;
				CLANG_WARN_QUOTED_INCLUDE_IN_FRAMEWORK_HEADER = YES;
				CLANG_WARN_RANGE_LOOP_ANALYSIS = YES;
				CLANG_WARN_STRICT_PROTOTYPES = YES;
				CLANG_WARN_SUSPICIOUS_MOVE = YES;
				CLANG_WARN_UNGUARDED_AVAILABILITY = YES_AGGRESSIVE;
				CLANG_WARN_UNREACHABLE_CODE = YES;
				CLANG_WARN__DUPLICATE_METHOD_MATCH = YES;
				COPY_PHASE_STRIP = NO;
				DEBUG_INFORMATION_FORMAT = dwarf;
				ENABLE_STRICT_OBJC_MSGSEND = YES;
				ENABLE_TESTABILITY = YES;
				GCC_C_LANGUAGE_STANDARD = gnu11;
				GCC_DYNAMIC_NO_PIC = NO;
				GCC_NO_COMMON_BLOCKS = YES;
				GCC_OPTIMIZATION_LEVEL = 0;
				GCC_PREPROCESSOR_DEFINITIONS = (
					"DEBUG=1",
					"$(inherited)",
				);
				GCC_WARN_64_TO_32_BIT_CONVERSION = YES;
				GCC_WARN_ABOUT_RETURN_TYPE = YES_ERROR;
				GCC_WARN_UNDECLARED_SELECTOR = YES;
				GCC_WARN_UNINITIALIZED_AUTOS = YES_AGGRESSIVE;
				GCC_WARN_UNUSED_FUNCTION = YES;
				GCC_WARN_UNUSED_VARIABLE = YES;
				IPHONEOS_DEPLOYMENT_TARGET = 16.1;
				MTL_ENABLE_DEBUG_INFO = INCLUDE_SOURCE;
				MTL_FAST_MATH = YES;
				ONLY_ACTIVE_ARCH = YES;
				SDKROOT = iphoneos;
				SWIFT_ACTIVE_COMPILATION_CONDITIONS = DEBUG;
				SWIFT_OPTIMIZATION_LEVEL = "-Onone";
			};
			name = Debug;
		};
		E828F323298EAF9A0063EC58 /* Release */ = {
			isa = XCBuildConfiguration;
			buildSettings = {
				ALWAYS_SEARCH_USER_PATHS = NO;
				CLANG_ANALYZER_NONNULL = YES;
				CLANG_ANALYZER_NUMBER_OBJECT_CONVERSION = YES_AGGRESSIVE;
				CLANG_CXX_LANGUAGE_STANDARD = "gnu++20";
				CLANG_ENABLE_MODULES = YES;
				CLANG_ENABLE_OBJC_ARC = YES;
				CLANG_ENABLE_OBJC_WEAK = YES;
				CLANG_WARN_BLOCK_CAPTURE_AUTORELEASING = YES;
				CLANG_WARN_BOOL_CONVERSION = YES;
				CLANG_WARN_COMMA = YES;
				CLANG_WARN_CONSTANT_CONVERSION = YES;
				CLANG_WARN_DEPRECATED_OBJC_IMPLEMENTATIONS = YES;
				CLANG_WARN_DIRECT_OBJC_ISA_USAGE = YES_ERROR;
				CLANG_WARN_DOCUMENTATION_COMMENTS = YES;
				CLANG_WARN_EMPTY_BODY = YES;
				CLANG_WARN_ENUM_CONVERSION = YES;
				CLANG_WARN_INFINITE_RECURSION = YES;
				CLANG_WARN_INT_CONVERSION = YES;
				CLANG_WARN_NON_LITERAL_NULL_CONVERSION = YES;
				CLANG_WARN_OBJC_IMPLICIT_RETAIN_SELF = YES;
				CLANG_WARN_OBJC_LITERAL_CONVERSION = YES;
				CLANG_WARN_OBJC_ROOT_CLASS = YES_ERROR;
				CLANG_WARN_QUOTED_INCLUDE_IN_FRAMEWORK_HEADER = YES;
				CLANG_WARN_RANGE_LOOP_ANALYSIS = YES;
				CLANG_WARN_STRICT_PROTOTYPES = YES;
				CLANG_WARN_SUSPICIOUS_MOVE = YES;
				CLANG_WARN_UNGUARDED_AVAILABILITY = YES_AGGRESSIVE;
				CLANG_WARN_UNREACHABLE_CODE = YES;
				CLANG_WARN__DUPLICATE_METHOD_MATCH = YES;
				COPY_PHASE_STRIP = NO;
				DEBUG_INFORMATION_FORMAT = "dwarf-with-dsym";
				ENABLE_NS_ASSERTIONS = NO;
				ENABLE_STRICT_OBJC_MSGSEND = YES;
				GCC_C_LANGUAGE_STANDARD = gnu11;
				GCC_NO_COMMON_BLOCKS = YES;
				GCC_WARN_64_TO_32_BIT_CONVERSION = YES;
				GCC_WARN_ABOUT_RETURN_TYPE = YES_ERROR;
				GCC_WARN_UNDECLARED_SELECTOR = YES;
				GCC_WARN_UNINITIALIZED_AUTOS = YES_AGGRESSIVE;
				GCC_WARN_UNUSED_FUNCTION = YES;
				GCC_WARN_UNUSED_VARIABLE = YES;
				IPHONEOS_DEPLOYMENT_TARGET = 16.1;
				MTL_ENABLE_DEBUG_INFO = NO;
				MTL_FAST_MATH = YES;
				SDKROOT = iphoneos;
				SWIFT_COMPILATION_MODE = wholemodule;
				SWIFT_OPTIMIZATION_LEVEL = "-O";
				VALIDATE_PRODUCT = YES;
			};
			name = Release;
		};
		E828F325298EAF9A0063EC58 /* Debug */ = {
			isa = XCBuildConfiguration;
			buildSettings = {
				ASSETCATALOG_COMPILER_APPICON_NAME = AppIcon;
				ASSETCATALOG_COMPILER_GLOBAL_ACCENT_COLOR_NAME = AccentColor;
				CODE_SIGN_STYLE = Automatic;
				CURRENT_PROJECT_VERSION = 1;
				DEVELOPMENT_TEAM = 29JK24NZ4B;
				"EXCLUDED_ARCHS[sdk=iphonesimulator*]" = arm64;
				GENERATE_INFOPLIST_FILE = YES;
				INFOPLIST_FILE = CryptoVIPER/Base/Info.plist;
				INFOPLIST_KEY_UIApplicationSupportsIndirectInputEvents = YES;
				INFOPLIST_KEY_UILaunchStoryboardName = LaunchScreen;
				INFOPLIST_KEY_UISupportedInterfaceOrientations = UIInterfaceOrientationPortrait;
				INFOPLIST_KEY_UISupportedInterfaceOrientations_iPad = "UIInterfaceOrientationLandscapeLeft UIInterfaceOrientationLandscapeRight UIInterfaceOrientationPortrait UIInterfaceOrientationPortraitUpsideDown";
				LD_RUNPATH_SEARCH_PATHS = (
					"$(inherited)",
					"@executable_path/Frameworks",
				);
				MARKETING_VERSION = 1.0;
				PRODUCT_BUNDLE_IDENTIFIER = com.mine.CryptoVIPER;
				PRODUCT_NAME = "$(TARGET_NAME)";
				SUPPORTED_PLATFORMS = "iphoneos iphonesimulator";
				SUPPORTS_MACCATALYST = NO;
				SUPPORTS_MAC_DESIGNED_FOR_IPHONE_IPAD = NO;
				SWIFT_EMIT_LOC_STRINGS = YES;
				SWIFT_VERSION = 5.0;
				TARGETED_DEVICE_FAMILY = 1;
			};
			name = Debug;
		};
		E828F326298EAF9A0063EC58 /* Release */ = {
			isa = XCBuildConfiguration;
			buildSettings = {
				ASSETCATALOG_COMPILER_APPICON_NAME = AppIcon;
				ASSETCATALOG_COMPILER_GLOBAL_ACCENT_COLOR_NAME = AccentColor;
				CODE_SIGN_STYLE = Automatic;
				CURRENT_PROJECT_VERSION = 1;
				DEVELOPMENT_TEAM = 29JK24NZ4B;
				"EXCLUDED_ARCHS[sdk=iphonesimulator*]" = arm64;
				GENERATE_INFOPLIST_FILE = YES;
				INFOPLIST_FILE = CryptoVIPER/Base/Info.plist;
				INFOPLIST_KEY_UIApplicationSupportsIndirectInputEvents = YES;
				INFOPLIST_KEY_UILaunchStoryboardName = LaunchScreen;
				INFOPLIST_KEY_UISupportedInterfaceOrientations = UIInterfaceOrientationPortrait;
				INFOPLIST_KEY_UISupportedInterfaceOrientations_iPad = "UIInterfaceOrientationLandscapeLeft UIInterfaceOrientationLandscapeRight UIInterfaceOrientationPortrait UIInterfaceOrientationPortraitUpsideDown";
				LD_RUNPATH_SEARCH_PATHS = (
					"$(inherited)",
					"@executable_path/Frameworks",
				);
				MARKETING_VERSION = 1.0;
				PRODUCT_BUNDLE_IDENTIFIER = com.mine.CryptoVIPER;
				PRODUCT_NAME = "$(TARGET_NAME)";
				SUPPORTED_PLATFORMS = "iphoneos iphonesimulator";
				SUPPORTS_MACCATALYST = NO;
				SUPPORTS_MAC_DESIGNED_FOR_IPHONE_IPAD = NO;
				SWIFT_EMIT_LOC_STRINGS = YES;
				SWIFT_VERSION = 5.0;
				TARGETED_DEVICE_FAMILY = 1;
			};
			name = Release;
		};
/* End XCBuildConfiguration section */

/* Begin XCConfigurationList section */
		E828F30B298EAF990063EC58 /* Build configuration list for PBXProject "CryptoVIPER" */ = {
			isa = XCConfigurationList;
			buildConfigurations = (
				E828F322298EAF9A0063EC58 /* Debug */,
				E828F323298EAF9A0063EC58 /* Release */,
			);
			defaultConfigurationIsVisible = 0;
			defaultConfigurationName = Release;
		};
		E828F324298EAF9A0063EC58 /* Build configuration list for PBXNativeTarget "CryptoVIPER" */ = {
			isa = XCConfigurationList;
			buildConfigurations = (
				E828F325298EAF9A0063EC58 /* Debug */,
				E828F326298EAF9A0063EC58 /* Release */,
			);
			defaultConfigurationIsVisible = 0;
			defaultConfigurationName = Release;
		};
/* End XCConfigurationList section */
	};
	rootObject = E828F308298EAF990063EC58 /* Project object */;
}
